{
  "name": "angularprueba",
  "version": "1.0.0",
  "lockfileVersion": 1,
  "requires": true,
  "dependencies": {
    "@fortawesome/fontawesome-free": {
      "version": "6.6.0"
    },
    "angular": {
      "version": "1.8.3",
      "resolved": "https://registry.npmjs.org/angular/-/angular-1.8.3.tgz",
      "integrity": "sha512-5qjkWIQQVsHj4Sb5TcEs4WZWpFeVFHXwxEBHUhrny41D8UrBAd6T/6nPPAsLngJCReIOqi95W3mxdveveutpZw=="
    },
    "bootstrap": {
      "version": "5.3.3"
    },
    "sweetalert2": {
      "version": "11.12.4",
      "resolved": "https://registry.npmjs.org/sweetalert2/-/sweetalert2-11.12.4.tgz",
      "integrity": "sha512-ZSpyaLbAmn4b7xjnV9x9BFD1UOrCAhIzm1D8dZ443kGxtVKqbTIA5SgXs4xeEtmFfEXUyC3RBgpSlu1AXmCiHA=="
    }
  }
}
